
Microsoft Visual Studio Solution File, Format Version 12.00
# Visual Studio Version 17
VisualStudioVersion = 17.0.31314.256
MinimumVisualStudioVersion = 10.0.40219.1
Project("{2150E333-8FDC-42A3-9474-1A3956D46DE8}") = "Engine", "Engine", "{233774A8-CC9D-3FA9-86D1-90573E92B704}"
EndProject
Project("{2150E333-8FDC-42A3-9474-1A3956D46DE8}") = "Games", "Games", "{DE1F8B53-6C02-3C13-9101-A7C8D96F3FF6}"
EndProject
<<<<<<< HEAD
Project("{8BC9CEB8-8B4A-11D0-8D11-00A0C91BC942}") = "UE5", "Intermediate\ProjectFiles\UE5.vcxproj", "{402C2E15-F1E8-310D-9EFA-2BA0C2B1C067}"
EndProject
Project("{8BC9CEB8-8B4A-11D0-8D11-00A0C91BC942}") = "XtremePong", "Intermediate\ProjectFiles\XtremePong.vcxproj", "{16ED5815-58CA-3100-AC8C-9154EA5D1B30}"
EndProject
Project("{2150E333-8FDC-42A3-9474-1A3956D46DE8}") = "Visualizers", "Visualizers", "{1CCEC849-CC72-4C59-8C36-2F7C38706D4C}"
	ProjectSection(SolutionItems) = preProject
		..\..\..\..\..\..\Program Files\Epic Games\UE_5.1\Engine\Extras\VisualStudioDebugging\Unreal.natvis = ..\..\..\..\..\..\Program Files\Epic Games\UE_5.1\Engine\Extras\VisualStudioDebugging\Unreal.natvis
=======
Project("{8BC9CEB8-8B4A-11D0-8D11-00A0C91BC942}") = "UE5", "Intermediate\ProjectFiles\UE5.vcxproj", "{A71C6CAA-C180-3E84-B00A-4D08057EC35B}"
EndProject
Project("{8BC9CEB8-8B4A-11D0-8D11-00A0C91BC942}") = "XtremePong", "Intermediate\ProjectFiles\XtremePong.vcxproj", "{87432A99-1E64-3A0C-884E-AA82E9504654}"
EndProject
Project("{2150E333-8FDC-42A3-9474-1A3956D46DE8}") = "Visualizers", "Visualizers", "{1CCEC849-CC72-4C59-8C36-2F7C38706D4C}"
	ProjectSection(SolutionItems) = preProject
		..\..\..\..\..\..\..\Program Files\Epic Games\UE_5.1\Engine\Extras\VisualStudioDebugging\Unreal.natvis = ..\..\..\..\..\..\..\Program Files\Epic Games\UE_5.1\Engine\Extras\VisualStudioDebugging\Unreal.natvis
>>>>>>> 9b0549d44b546b8e2845b05cda6dfc6e5e398c92
	EndProjectSection
EndProject
Global
	GlobalSection(SolutionConfigurationPlatforms) = preSolution
		DebugGame Editor|Win64 = DebugGame Editor|Win64
		DebugGame|Win64 = DebugGame|Win64
		Development Editor|Win64 = Development Editor|Win64
		Development|Win64 = Development|Win64
		Shipping|Win64 = Shipping|Win64
	EndGlobalSection
	# UnrealVS Section
	GlobalSection(ddbf523f-7eb6-4887-bd51-85a714ff87eb) = preSolution
		AvailablePlatforms=Win64
	EndGlobalSection
	GlobalSection(ProjectConfigurationPlatforms) = postSolution
<<<<<<< HEAD
		{402C2E15-F1E8-310D-9EFA-2BA0C2B1C067}.DebugGame Editor|Win64.ActiveCfg = BuiltWithUnrealBuildTool|Win64
		{402C2E15-F1E8-310D-9EFA-2BA0C2B1C067}.DebugGame|Win64.ActiveCfg = BuiltWithUnrealBuildTool|Win64
		{402C2E15-F1E8-310D-9EFA-2BA0C2B1C067}.Development Editor|Win64.ActiveCfg = BuiltWithUnrealBuildTool|Win64
		{402C2E15-F1E8-310D-9EFA-2BA0C2B1C067}.Development|Win64.ActiveCfg = BuiltWithUnrealBuildTool|Win64
		{402C2E15-F1E8-310D-9EFA-2BA0C2B1C067}.Shipping|Win64.ActiveCfg = BuiltWithUnrealBuildTool|Win64
		{16ED5815-58CA-3100-AC8C-9154EA5D1B30}.DebugGame Editor|Win64.ActiveCfg = DebugGame_Editor|x64
		{16ED5815-58CA-3100-AC8C-9154EA5D1B30}.DebugGame Editor|Win64.Build.0 = DebugGame_Editor|x64
		{16ED5815-58CA-3100-AC8C-9154EA5D1B30}.DebugGame|Win64.ActiveCfg = DebugGame|x64
		{16ED5815-58CA-3100-AC8C-9154EA5D1B30}.DebugGame|Win64.Build.0 = DebugGame|x64
		{16ED5815-58CA-3100-AC8C-9154EA5D1B30}.Development Editor|Win64.ActiveCfg = Development_Editor|x64
		{16ED5815-58CA-3100-AC8C-9154EA5D1B30}.Development Editor|Win64.Build.0 = Development_Editor|x64
		{16ED5815-58CA-3100-AC8C-9154EA5D1B30}.Development|Win64.ActiveCfg = Development|x64
		{16ED5815-58CA-3100-AC8C-9154EA5D1B30}.Development|Win64.Build.0 = Development|x64
		{16ED5815-58CA-3100-AC8C-9154EA5D1B30}.Shipping|Win64.ActiveCfg = Shipping|x64
		{16ED5815-58CA-3100-AC8C-9154EA5D1B30}.Shipping|Win64.Build.0 = Shipping|x64
=======
		{A71C6CAA-C180-3E84-B00A-4D08057EC35B}.DebugGame Editor|Win64.ActiveCfg = BuiltWithUnrealBuildTool|Win64
		{A71C6CAA-C180-3E84-B00A-4D08057EC35B}.DebugGame|Win64.ActiveCfg = BuiltWithUnrealBuildTool|Win64
		{A71C6CAA-C180-3E84-B00A-4D08057EC35B}.Development Editor|Win64.ActiveCfg = BuiltWithUnrealBuildTool|Win64
		{A71C6CAA-C180-3E84-B00A-4D08057EC35B}.Development|Win64.ActiveCfg = BuiltWithUnrealBuildTool|Win64
		{A71C6CAA-C180-3E84-B00A-4D08057EC35B}.Shipping|Win64.ActiveCfg = BuiltWithUnrealBuildTool|Win64
		{87432A99-1E64-3A0C-884E-AA82E9504654}.DebugGame Editor|Win64.ActiveCfg = DebugGame_Editor|x64
		{87432A99-1E64-3A0C-884E-AA82E9504654}.DebugGame Editor|Win64.Build.0 = DebugGame_Editor|x64
		{87432A99-1E64-3A0C-884E-AA82E9504654}.DebugGame|Win64.ActiveCfg = DebugGame|x64
		{87432A99-1E64-3A0C-884E-AA82E9504654}.DebugGame|Win64.Build.0 = DebugGame|x64
		{87432A99-1E64-3A0C-884E-AA82E9504654}.Development Editor|Win64.ActiveCfg = Development_Editor|x64
		{87432A99-1E64-3A0C-884E-AA82E9504654}.Development Editor|Win64.Build.0 = Development_Editor|x64
		{87432A99-1E64-3A0C-884E-AA82E9504654}.Development|Win64.ActiveCfg = Development|x64
		{87432A99-1E64-3A0C-884E-AA82E9504654}.Development|Win64.Build.0 = Development|x64
		{87432A99-1E64-3A0C-884E-AA82E9504654}.Shipping|Win64.ActiveCfg = Shipping|x64
		{87432A99-1E64-3A0C-884E-AA82E9504654}.Shipping|Win64.Build.0 = Shipping|x64
>>>>>>> 9b0549d44b546b8e2845b05cda6dfc6e5e398c92
	EndGlobalSection
	GlobalSection(SolutionProperties) = preSolution
		HideSolutionNode = FALSE
	EndGlobalSection
	GlobalSection(NestedProjects) = preSolution
<<<<<<< HEAD
		{402C2E15-F1E8-310D-9EFA-2BA0C2B1C067} = {233774A8-CC9D-3FA9-86D1-90573E92B704}
		{16ED5815-58CA-3100-AC8C-9154EA5D1B30} = {DE1F8B53-6C02-3C13-9101-A7C8D96F3FF6}
=======
		{A71C6CAA-C180-3E84-B00A-4D08057EC35B} = {233774A8-CC9D-3FA9-86D1-90573E92B704}
		{87432A99-1E64-3A0C-884E-AA82E9504654} = {DE1F8B53-6C02-3C13-9101-A7C8D96F3FF6}
>>>>>>> 9b0549d44b546b8e2845b05cda6dfc6e5e398c92
	EndGlobalSection
EndGlobal
